
Microsoft Visual Studio Solution File, Format Version 12.00
# Visual Studio Version 17
Project("{FAE04EC0-301F-11D3-BF4B-00C04F79EFBC}") = "DeviceEvents_CSharp", "DeviceEvents_CSharp_vs2022.csproj", "{AA829EBF-16E4-7BCD-9F51-C27F0BB2B28C}"
EndProject
Global
	GlobalSection(SolutionConfigurationPlatforms) = preSolution
		Debug|x64 = Debug|x64
		Debug|x86 = Debug|x86
		Release|x64 = Release|x64
		Release|x86 = Release|x86
	EndGlobalSection
	GlobalSection(ProjectConfigurationPlatforms) = postSolution
		{AA829EBF-16E4-7BCD-9F51-C27F0BB2B28C}.Debug|x64.ActiveCfg = Debug|x64
		{AA829EBF-16E4-7BCD-9F51-C27F0BB2B28C}.Debug|x64.Build.0 = Debug|x64
		{AA829EBF-16E4-7BCD-9F51-C27F0BB2B28C}.Debug|x86.ActiveCfg = Debug|x86
		{AA829EBF-16E4-7BCD-9F51-C27F0BB2B28C}.Debug|x86.Build.0 = Debug|x86
		{AA829EBF-16E4-7BCD-9F51-C27F0BB2B28C}.Release|x64.ActiveCfg = Release|x64
		{AA829EBF-16E4-7BCD-9F51-C27F0BB2B28C}.Release|x64.Build.0 = Release|x64
		{AA829EBF-16E4-7BCD-9F51-C27F0BB2B28C}.Release|x86.ActiveCfg = Release|x86
		{AA829EBF-16E4-7BCD-9F51-C27F0BB2B28C}.Release|x86.Build.0 = Release|x86
	EndGlobalSection
	GlobalSection(SolutionProperties) = preSolution
		HideSolutionNode = FALSE
	EndGlobalSection
EndGlobal
